
Microsoft Visual Studio Solution File, Format Version 12.00
# Visual Studio 15
VisualStudioVersion = 15.0.27130.2027
MinimumVisualStudioVersion = 10.0.40219.1
Project("{FAE04EC0-301F-11D3-BF4B-00C04F79EFBC}") = "Uncomplicated.Csv", "Uncomplicated.Csv.csproj", "{95F64DFA-D106-4B1A-B0C3-969D980C3A18}"
EndProject
Global
	GlobalSection(SolutionConfigurationPlatforms) = preSolution
		Debug|Any CPU = Debug|Any CPU
		Release|Any CPU = Release|Any CPU
	EndGlobalSection
	GlobalSection(ProjectConfigurationPlatforms) = postSolution
		{95F64DFA-D106-4B1A-B0C3-969D980C3A18}.Debug|Any CPU.ActiveCfg = Debug|Any CPU
		{95F64DFA-D106-4B1A-B0C3-969D980C3A18}.Debug|Any CPU.Build.0 = Debug|Any CPU
		{95F64DFA-D106-4B1A-B0C3-969D980C3A18}.Release|Any CPU.ActiveCfg = Release|Any CPU
		{95F64DFA-D106-4B1A-B0C3-969D980C3A18}.Release|Any CPU.Build.0 = Release|Any CPU
	EndGlobalSection
	GlobalSection(SolutionProperties) = preSolution
		HideSolutionNode = FALSE
	EndGlobalSection
	GlobalSection(ExtensibilityGlobals) = postSolution
		SolutionGuid = {FD0FA437-D8FE-482C-A4EC-3FFE78955F57}
	EndGlobalSection
EndGlobal
